// !$*UTF8*$!
{
	archiveVersion = 1;
	classes = {
	};
	objectVersion = 50;
	objects = {

/* Begin PBXBuildFile section */
		A1A97C9B23CAAE5800626E91 /* AppDelegate.swift in Sources */ = {isa = PBXBuildFile; fileRef = A1A97C9A23CAAE5800626E91 /* AppDelegate.swift */; };
		A1A97C9D23CAAE5800626E91 /* SceneDelegate.swift in Sources */ = {isa = PBXBuildFile; fileRef = A1A97C9C23CAAE5800626E91 /* SceneDelegate.swift */; };
		A1A97CA223CAAE5800626E91 /* Main.storyboard in Resources */ = {isa = PBXBuildFile; fileRef = A1A97CA023CAAE5800626E91 /* Main.storyboard */; };
		A1A97CA523CAAE5800626E91 /* Tyre_in_Depth.xcdatamodeld in Sources */ = {isa = PBXBuildFile; fileRef = A1A97CA323CAAE5800626E91 /* Tyre_in_Depth.xcdatamodeld */; };
		A1A97CA723CAAE5900626E91 /* Assets.xcassets in Resources */ = {isa = PBXBuildFile; fileRef = A1A97CA623CAAE5900626E91 /* Assets.xcassets */; };
		A1A97CAA23CAAE5A00626E91 /* LaunchScreen.storyboard in Resources */ = {isa = PBXBuildFile; fileRef = A1A97CA823CAAE5A00626E91 /* LaunchScreen.storyboard */; };
		A1A97CB523CAAE5A00626E91 /* Tyre_in_DepthTests.swift in Sources */ = {isa = PBXBuildFile; fileRef = A1A97CB423CAAE5A00626E91 /* Tyre_in_DepthTests.swift */; };
		A1A97CC023CAAE5A00626E91 /* Tyre_in_DepthUITests.swift in Sources */ = {isa = PBXBuildFile; fileRef = A1A97CBF23CAAE5A00626E91 /* Tyre_in_DepthUITests.swift */; };
		A1A97CCE23CAAF1200626E91 /* RootViewController.swift in Sources */ = {isa = PBXBuildFile; fileRef = A1A97CCD23CAAF1200626E91 /* RootViewController.swift */; };
/* End PBXBuildFile section */

/* Begin PBXContainerItemProxy section */
		A1A97CB123CAAE5A00626E91 /* PBXContainerItemProxy */ = {
			isa = PBXContainerItemProxy;
			containerPortal = A1A97C8F23CAAE5800626E91 /* Project object */;
			proxyType = 1;
			remoteGlobalIDString = A1A97C9623CAAE5800626E91;
			remoteInfo = "Tyre in Depth";
		};
		A1A97CBC23CAAE5A00626E91 /* PBXContainerItemProxy */ = {
			isa = PBXContainerItemProxy;
			containerPortal = A1A97C8F23CAAE5800626E91 /* Project object */;
			proxyType = 1;
			remoteGlobalIDString = A1A97C9623CAAE5800626E91;
			remoteInfo = "Tyre in Depth";
		};
/* End PBXContainerItemProxy section */

/* Begin PBXFileReference section */
		A1A97C9723CAAE5800626E91 /* Tyre in Depth.app */ = {isa = PBXFileReference; explicitFileType = wrapper.application; includeInIndex = 0; path = "Tyre in Depth.app"; sourceTree = BUILT_PRODUCTS_DIR; };
		A1A97C9A23CAAE5800626E91 /* AppDelegate.swift */ = {isa = PBXFileReference; lastKnownFileType = sourcecode.swift; path = AppDelegate.swift; sourceTree = "<group>"; };
		A1A97C9C23CAAE5800626E91 /* SceneDelegate.swift */ = {isa = PBXFileReference; lastKnownFileType = sourcecode.swift; path = SceneDelegate.swift; sourceTree = "<group>"; };
		A1A97CA123CAAE5800626E91 /* Base */ = {isa = PBXFileReference; lastKnownFileType = file.storyboard; name = Base; path = Base.lproj/Main.storyboard; sourceTree = "<group>"; };
		A1A97CA423CAAE5800626E91 /* Tyre_in_Depth.xcdatamodel */ = {isa = PBXFileReference; lastKnownFileType = wrapper.xcdatamodel; path = Tyre_in_Depth.xcdatamodel; sourceTree = "<group>"; };
		A1A97CA623CAAE5900626E91 /* Assets.xcassets */ = {isa = PBXFileReference; lastKnownFileType = folder.assetcatalog; path = Assets.xcassets; sourceTree = "<group>"; };
		A1A97CA923CAAE5A00626E91 /* Base */ = {isa = PBXFileReference; lastKnownFileType = file.storyboard; name = Base; path = Base.lproj/LaunchScreen.storyboard; sourceTree = "<group>"; };
		A1A97CAB23CAAE5A00626E91 /* Info.plist */ = {isa = PBXFileReference; lastKnownFileType = text.plist.xml; path = Info.plist; sourceTree = "<group>"; };
		A1A97CB023CAAE5A00626E91 /* Tyre in DepthTests.xctest */ = {isa = PBXFileReference; explicitFileType = wrapper.cfbundle; includeInIndex = 0; path = "Tyre in DepthTests.xctest"; sourceTree = BUILT_PRODUCTS_DIR; };
		A1A97CB423CAAE5A00626E91 /* Tyre_in_DepthTests.swift */ = {isa = PBXFileReference; lastKnownFileType = sourcecode.swift; path = Tyre_in_DepthTests.swift; sourceTree = "<group>"; };
		A1A97CB623CAAE5A00626E91 /* Info.plist */ = {isa = PBXFileReference; lastKnownFileType = text.plist.xml; path = Info.plist; sourceTree = "<group>"; };
		A1A97CBB23CAAE5A00626E91 /* Tyre in DepthUITests.xctest */ = {isa = PBXFileReference; explicitFileType = wrapper.cfbundle; includeInIndex = 0; path = "Tyre in DepthUITests.xctest"; sourceTree = BUILT_PRODUCTS_DIR; };
		A1A97CBF23CAAE5A00626E91 /* Tyre_in_DepthUITests.swift */ = {isa = PBXFileReference; lastKnownFileType = sourcecode.swift; path = Tyre_in_DepthUITests.swift; sourceTree = "<group>"; };
		A1A97CC123CAAE5A00626E91 /* Info.plist */ = {isa = PBXFileReference; lastKnownFileType = text.plist.xml; path = Info.plist; sourceTree = "<group>"; };
		A1A97CCD23CAAF1200626E91 /* RootViewController.swift */ = {isa = PBXFileReference; lastKnownFileType = sourcecode.swift; path = RootViewController.swift; sourceTree = "<group>"; };
/* End PBXFileReference section */

/* Begin PBXFrameworksBuildPhase section */
		A1A97C9423CAAE5800626E91 /* Frameworks */ = {
			isa = PBXFrameworksBuildPhase;
			buildActionMask = 2147483647;
			files = (
			);
			runOnlyForDeploymentPostprocessing = 0;
		};
		A1A97CAD23CAAE5A00626E91 /* Frameworks */ = {
			isa = PBXFrameworksBuildPhase;
			buildActionMask = 2147483647;
			files = (
			);
			runOnlyForDeploymentPostprocessing = 0;
		};
		A1A97CB823CAAE5A00626E91 /* Frameworks */ = {
			isa = PBXFrameworksBuildPhase;
			buildActionMask = 2147483647;
			files = (
			);
			runOnlyForDeploymentPostprocessing = 0;
		};
/* End PBXFrameworksBuildPhase section */

/* Begin PBXGroup section */
		A1A97C8E23CAAE5800626E91 = {
			isa = PBXGroup;
			children = (
				A1A97C9923CAAE5800626E91 /* Tyre in Depth */,
				A1A97CB323CAAE5A00626E91 /* Tyre in DepthTests */,
				A1A97CBE23CAAE5A00626E91 /* Tyre in DepthUITests */,
				A1A97C9823CAAE5800626E91 /* Products */,
			);
			sourceTree = "<group>";
		};
		A1A97C9823CAAE5800626E91 /* Products */ = {
			isa = PBXGroup;
			children = (
				A1A97C9723CAAE5800626E91 /* Tyre in Depth.app */,
				A1A97CB023CAAE5A00626E91 /* Tyre in DepthTests.xctest */,
				A1A97CBB23CAAE5A00626E91 /* Tyre in DepthUITests.xctest */,
			);
			name = Products;
			sourceTree = "<group>";
		};
		A1A97C9923CAAE5800626E91 /* Tyre in Depth */ = {
			isa = PBXGroup;
			children = (
				A1A97C9A23CAAE5800626E91 /* AppDelegate.swift */,
				A1A97C9C23CAAE5800626E91 /* SceneDelegate.swift */,
				A1A97CA023CAAE5800626E91 /* Main.storyboard */,
				A1A97CCD23CAAF1200626E91 /* RootViewController.swift */,
				A1A97CA623CAAE5900626E91 /* Assets.xcassets */,
				A1A97CA823CAAE5A00626E91 /* LaunchScreen.storyboard */,
				A1A97CAB23CAAE5A00626E91 /* Info.plist */,
				A1A97CA323CAAE5800626E91 /* Tyre_in_Depth.xcdatamodeld */,
			);
			path = "Tyre in Depth";
			sourceTree = "<group>";
		};
		A1A97CB323CAAE5A00626E91 /* Tyre in DepthTests */ = {
			isa = PBXGroup;
			children = (
				A1A97CB423CAAE5A00626E91 /* Tyre_in_DepthTests.swift */,
				A1A97CB623CAAE5A00626E91 /* Info.plist */,
			);
			path = "Tyre in DepthTests";
			sourceTree = "<group>";
		};
		A1A97CBE23CAAE5A00626E91 /* Tyre in DepthUITests */ = {
			isa = PBXGroup;
			children = (
				A1A97CBF23CAAE5A00626E91 /* Tyre_in_DepthUITests.swift */,
				A1A97CC123CAAE5A00626E91 /* Info.plist */,
			);
			path = "Tyre in DepthUITests";
			sourceTree = "<group>";
		};
/* End PBXGroup section */

/* Begin PBXNativeTarget section */
		A1A97C9623CAAE5800626E91 /* Tyre in Depth */ = {
			isa = PBXNativeTarget;
			buildConfigurationList = A1A97CC423CAAE5A00626E91 /* Build configuration list for PBXNativeTarget "Tyre in Depth" */;
			buildPhases = (
				A1A97C9323CAAE5800626E91 /* Sources */,
				A1A97C9423CAAE5800626E91 /* Frameworks */,
				A1A97C9523CAAE5800626E91 /* Resources */,
			);
			buildRules = (
			);
			dependencies = (
			);
			name = "Tyre in Depth";
			productName = "Tyre in Depth";
			productReference = A1A97C9723CAAE5800626E91 /* Tyre in Depth.app */;
			productType = "com.apple.product-type.application";
		};
		A1A97CAF23CAAE5A00626E91 /* Tyre in DepthTests */ = {
			isa = PBXNativeTarget;
			buildConfigurationList = A1A97CC723CAAE5A00626E91 /* Build configuration list for PBXNativeTarget "Tyre in DepthTests" */;
			buildPhases = (
				A1A97CAC23CAAE5A00626E91 /* Sources */,
				A1A97CAD23CAAE5A00626E91 /* Frameworks */,
				A1A97CAE23CAAE5A00626E91 /* Resources */,
			);
			buildRules = (
			);
			dependencies = (
				A1A97CB223CAAE5A00626E91 /* PBXTargetDependency */,
			);
			name = "Tyre in DepthTests";
			productName = "Tyre in DepthTests";
			productReference = A1A97CB023CAAE5A00626E91 /* Tyre in DepthTests.xctest */;
			productType = "com.apple.product-type.bundle.unit-test";
		};
		A1A97CBA23CAAE5A00626E91 /* Tyre in DepthUITests */ = {
			isa = PBXNativeTarget;
			buildConfigurationList = A1A97CCA23CAAE5A00626E91 /* Build configuration list for PBXNativeTarget "Tyre in DepthUITests" */;
			buildPhases = (
				A1A97CB723CAAE5A00626E91 /* Sources */,
				A1A97CB823CAAE5A00626E91 /* Frameworks */,
				A1A97CB923CAAE5A00626E91 /* Resources */,
			);
			buildRules = (
			);
			dependencies = (
				A1A97CBD23CAAE5A00626E91 /* PBXTargetDependency */,
			);
			name = "Tyre in DepthUITests";
			productName = "Tyre in DepthUITests";
			productReference = A1A97CBB23CAAE5A00626E91 /* Tyre in DepthUITests.xctest */;
			productType = "com.apple.product-type.bundle.ui-testing";
		};
/* End PBXNativeTarget section */

/* Begin PBXProject section */
		A1A97C8F23CAAE5800626E91 /* Project object */ = {
			isa = PBXProject;
			attributes = {
				LastSwiftUpdateCheck = 1130;
				LastUpgradeCheck = 1130;
				ORGANIZATIONNAME = "Loh, Wei Neng (uic24998)";
				TargetAttributes = {
					A1A97C9623CAAE5800626E91 = {
						CreatedOnToolsVersion = 11.3;
					};
					A1A97CAF23CAAE5A00626E91 = {
						CreatedOnToolsVersion = 11.3;
						TestTargetID = A1A97C9623CAAE5800626E91;
					};
					A1A97CBA23CAAE5A00626E91 = {
						CreatedOnToolsVersion = 11.3;
						TestTargetID = A1A97C9623CAAE5800626E91;
					};
				};
			};
			buildConfigurationList = A1A97C9223CAAE5800626E91 /* Build configuration list for PBXProject "Tyre in Depth" */;
			compatibilityVersion = "Xcode 9.3";
			developmentRegion = en;
			hasScannedForEncodings = 0;
			knownRegions = (
				en,
				Base,
			);
			mainGroup = A1A97C8E23CAAE5800626E91;
			productRefGroup = A1A97C9823CAAE5800626E91 /* Products */;
			projectDirPath = "";
			projectRoot = "";
			targets = (
				A1A97C9623CAAE5800626E91 /* Tyre in Depth */,
				A1A97CAF23CAAE5A00626E91 /* Tyre in DepthTests */,
				A1A97CBA23CAAE5A00626E91 /* Tyre in DepthUITests */,
			);
		};
/* End PBXProject section */

/* Begin PBXResourcesBuildPhase section */
		A1A97C9523CAAE5800626E91 /* Resources */ = {
			isa = PBXResourcesBuildPhase;
			buildActionMask = 2147483647;
			files = (
				A1A97CAA23CAAE5A00626E91 /* LaunchScreen.storyboard in Resources */,
				A1A97CA723CAAE5900626E91 /* Assets.xcassets in Resources */,
				A1A97CA223CAAE5800626E91 /* Main.storyboard in Resources */,
			);
			runOnlyForDeploymentPostprocessing = 0;
		};
		A1A97CAE23CAAE5A00626E91 /* Resources */ = {
			isa = PBXResourcesBuildPhase;
			buildActionMask = 2147483647;
			files = (
			);
			runOnlyForDeploymentPostprocessing = 0;
		};
		A1A97CB923CAAE5A00626E91 /* Resources */ = {
			isa = PBXResourcesBuildPhase;
			buildActionMask = 2147483647;
			files = (
			);
			runOnlyForDeploymentPostprocessing = 0;
		};
/* End PBXResourcesBuildPhase section */

/* Begin PBXSourcesBuildPhase section */
		A1A97C9323CAAE5800626E91 /* Sources */ = {
			isa = PBXSourcesBuildPhase;
			buildActionMask = 2147483647;
			files = (
				A1A97CCE23CAAF1200626E91 /* RootViewController.swift in Sources */,
				A1A97CA523CAAE5800626E91 /* Tyre_in_Depth.xcdatamodeld in Sources */,
				A1A97C9B23CAAE5800626E91 /* AppDelegate.swift in Sources */,
				A1A97C9D23CAAE5800626E91 /* SceneDelegate.swift in Sources */,
			);
			runOnlyForDeploymentPostprocessing = 0;
		};
		A1A97CAC23CAAE5A00626E91 /* Sources */ = {
			isa = PBXSourcesBuildPhase;
			buildActionMask = 2147483647;
			files = (
				A1A97CB523CAAE5A00626E91 /* Tyre_in_DepthTests.swift in Sources */,
			);
			runOnlyForDeploymentPostprocessing = 0;
		};
		A1A97CB723CAAE5A00626E91 /* Sources */ = {
			isa = PBXSourcesBuildPhase;
			buildActionMask = 2147483647;
			files = (
				A1A97CC023CAAE5A00626E91 /* Tyre_in_DepthUITests.swift in Sources */,
			);
			runOnlyForDeploymentPostprocessing = 0;
		};
/* End PBXSourcesBuildPhase section */

/* Begin PBXTargetDependency section */
		A1A97CB223CAAE5A00626E91 /* PBXTargetDependency */ = {
			isa = PBXTargetDependency;
			target = A1A97C9623CAAE5800626E91 /* Tyre in Depth */;
			targetProxy = A1A97CB123CAAE5A00626E91 /* PBXContainerItemProxy */;
		};
		A1A97CBD23CAAE5A00626E91 /* PBXTargetDependency */ = {
			isa = PBXTargetDependency;
			target = A1A97C9623CAAE5800626E91 /* Tyre in Depth */;
			targetProxy = A1A97CBC23CAAE5A00626E91 /* PBXContainerItemProxy */;
		};
/* End PBXTargetDependency section */

/* Begin PBXVariantGroup section */
		A1A97CA023CAAE5800626E91 /* Main.storyboard */ = {
			isa = PBXVariantGroup;
			children = (
				A1A97CA123CAAE5800626E91 /* Base */,
			);
			name = Main.storyboard;
			sourceTree = "<group>";
		};
		A1A97CA823CAAE5A00626E91 /* LaunchScreen.storyboard */ = {
			isa = PBXVariantGroup;
			children = (
				A1A97CA923CAAE5A00626E91 /* Base */,
			);
			name = LaunchScreen.storyboard;
			sourceTree = "<group>";
		};
/* End PBXVariantGroup section */

/* Begin XCBuildConfiguration section */
		A1A97CC223CAAE5A00626E91 /* Debug */ = {
			isa = XCBuildConfiguration;
			buildSettings = {
				ALWAYS_SEARCH_USER_PATHS = NO;
				CLANG_ANALYZER_NONNULL = YES;
				CLANG_ANALYZER_NUMBER_OBJECT_CONVERSION = YES_AGGRESSIVE;
				CLANG_CXX_LANGUAGE_STANDARD = "gnu++14";
				CLANG_CXX_LIBRARY = "libc++";
				CLANG_ENABLE_MODULES = YES;
				CLANG_ENABLE_OBJC_ARC = YES;
				CLANG_ENABLE_OBJC_WEAK = YES;
				CLANG_WARN_BLOCK_CAPTURE_AUTORELEASING = YES;
				CLANG_WARN_BOOL_CONVERSION = YES;
				CLANG_WARN_COMMA = YES;
				CLANG_WARN_CONSTANT_CONVERSION = YES;
				CLANG_WARN_DEPRECATED_OBJC_IMPLEMENTATIONS = YES;
				CLANG_WARN_DIRECT_OBJC_ISA_USAGE = YES_ERROR;
				CLANG_WARN_DOCUMENTATION_COMMENTS = YES;
				CLANG_WARN_EMPTY_BODY = YES;
				CLANG_WARN_ENUM_CONVERSION = YES;
				CLANG_WARN_INFINITE_RECURSION = YES;
				CLANG_WARN_INT_CONVERSION = YES;
				CLANG_WARN_NON_LITERAL_NULL_CONVERSION = YES;
				CLANG_WARN_OBJC_IMPLICIT_RETAIN_SELF = YES;
				CLANG_WARN_OBJC_LITERAL_CONVERSION = YES;
				CLANG_WARN_OBJC_ROOT_CLASS = YES_ERROR;
				CLANG_WARN_RANGE_LOOP_ANALYSIS = YES;
				CLANG_WARN_STRICT_PROTOTYPES = YES;
				CLANG_WARN_SUSPICIOUS_MOVE = YES;
				CLANG_WARN_UNGUARDED_AVAILABILITY = YES_AGGRESSIVE;
				CLANG_WARN_UNREACHABLE_CODE = YES;
				CLANG_WARN__DUPLICATE_METHOD_MATCH = YES;
				COPY_PHASE_STRIP = NO;
				DEBUG_INFORMATION_FORMAT = dwarf;
				ENABLE_STRICT_OBJC_MSGSEND = YES;
				ENABLE_TESTABILITY = YES;
				GCC_C_LANGUAGE_STANDARD = gnu11;
				GCC_DYNAMIC_NO_PIC = NO;
				GCC_NO_COMMON_BLOCKS = YES;
				GCC_OPTIMIZATION_LEVEL = 0;
				GCC_PREPROCESSOR_DEFINITIONS = (
					"DEBUG=1",
					"$(inherited)",
				);
				GCC_WARN_64_TO_32_BIT_CONVERSION = YES;
				GCC_WARN_ABOUT_RETURN_TYPE = YES_ERROR;
				GCC_WARN_UNDECLARED_SELECTOR = YES;
				GCC_WARN_UNINITIALIZED_AUTOS = YES_AGGRESSIVE;
				GCC_WARN_UNUSED_FUNCTION = YES;
				GCC_WARN_UNUSED_VARIABLE = YES;
				IPHONEOS_DEPLOYMENT_TARGET = 13.2;
				MTL_ENABLE_DEBUG_INFO = INCLUDE_SOURCE;
				MTL_FAST_MATH = YES;
				ONLY_ACTIVE_ARCH = YES;
				SDKROOT = iphoneos;
				SWIFT_ACTIVE_COMPILATION_CONDITIONS = DEBUG;
				SWIFT_OPTIMIZATION_LEVEL = "-Onone";
			};
			name = Debug;
		};
		A1A97CC323CAAE5A00626E91 /* Release */ = {
			isa = XCBuildConfiguration;
			buildSettings = {
				ALWAYS_SEARCH_USER_PATHS = NO;
				CLANG_ANALYZER_NONNULL = YES;
				CLANG_ANALYZER_NUMBER_OBJECT_CONVERSION = YES_AGGRESSIVE;
				CLANG_CXX_LANGUAGE_STANDARD = "gnu++14";
				CLANG_CXX_LIBRARY = "libc++";
				CLANG_ENABLE_MODULES = YES;
				CLANG_ENABLE_OBJC_ARC = YES;
				CLANG_ENABLE_OBJC_WEAK = YES;
				CLANG_WARN_BLOCK_CAPTURE_AUTORELEASING = YES;
				CLANG_WARN_BOOL_CONVERSION = YES;
				CLANG_WARN_COMMA = YES;
				CLANG_WARN_CONSTANT_CONVERSION = YES;
				CLANG_WARN_DEPRECATED_OBJC_IMPLEMENTATIONS = YES;
				CLANG_WARN_DIRECT_OBJC_ISA_USAGE = YES_ERROR;
				CLANG_WARN_DOCUMENTATION_COMMENTS = YES;
				CLANG_WARN_EMPTY_BODY = YES;
				CLANG_WARN_ENUM_CONVERSION = YES;
				CLANG_WARN_INFINITE_RECURSION = YES;
				CLANG_WARN_INT_CONVERSION = YES;
				CLANG_WARN_NON_LITERAL_NULL_CONVERSION = YES;
				CLANG_WARN_OBJC_IMPLICIT_RETAIN_SELF = YES;
				CLANG_WARN_OBJC_LITERAL_CONVERSION = YES;
				CLANG_WARN_OBJC_ROOT_CLASS = YES_ERROR;
				CLANG_WARN_RANGE_LOOP_ANALYSIS = YES;
				CLANG_WARN_STRICT_PROTOTYPES = YES;
				CLANG_WARN_SUSPICIOUS_MOVE = YES;
				CLANG_WARN_UNGUARDED_AVAILABILITY = YES_AGGRESSIVE;
				CLANG_WARN_UNREACHABLE_CODE = YES;
				CLANG_WARN__DUPLICATE_METHOD_MATCH = YES;
				COPY_PHASE_STRIP = NO;
				DEBUG_INFORMATION_FORMAT = "dwarf-with-dsym";
				ENABLE_NS_ASSERTIONS = NO;
				ENABLE_STRICT_OBJC_MSGSEND = YES;
				GCC_C_LANGUAGE_STANDARD = gnu11;
				GCC_NO_COMMON_BLOCKS = YES;
				GCC_WARN_64_TO_32_BIT_CONVERSION = YES;
				GCC_WARN_ABOUT_RETURN_TYPE = YES_ERROR;
				GCC_WARN_UNDECLARED_SELECTOR = YES;
				GCC_WARN_UNINITIALIZED_AUTOS = YES_AGGRESSIVE;
				GCC_WARN_UNUSED_FUNCTION = YES;
				GCC_WARN_UNUSED_VARIABLE = YES;
				IPHONEOS_DEPLOYMENT_TARGET = 13.2;
				MTL_ENABLE_DEBUG_INFO = NO;
				MTL_FAST_MATH = YES;
				SDKROOT = iphoneos;
				SWIFT_COMPILATION_MODE = wholemodule;
				SWIFT_OPTIMIZATION_LEVEL = "-O";
				VALIDATE_PRODUCT = YES;
			};
			name = Release;
		};
		A1A97CC523CAAE5A00626E91 /* Debug */ = {
			isa = XCBuildConfiguration;
			buildSettings = {
				ASSETCATALOG_COMPILER_APPICON_NAME = AppIcon;
				CODE_SIGN_STYLE = Automatic;
				DEVELOPMENT_TEAM = S87F3YY968;
				INFOPLIST_FILE = "Tyre in Depth/Info.plist";
				LD_RUNPATH_SEARCH_PATHS = (
					"$(inherited)",
					"@executable_path/Frameworks",
				);
				PRODUCT_BUNDLE_IDENTIFIER = "com.TTyres.Tyre-in-Depth";
				PRODUCT_NAME = "$(TARGET_NAME)";
				SWIFT_VERSION = 5.0;
				TARGETED_DEVICE_FAMILY = "1,2";
			};
			name = Debug;
		};
		A1A97CC623CAAE5A00626E91 /* Release */ = {
			isa = XCBuildConfiguration;
			buildSettings = {
				ASSETCATALOG_COMPILER_APPICON_NAME = AppIcon;
				CODE_SIGN_STYLE = Automatic;
				DEVELOPMENT_TEAM = S87F3YY968;
				INFOPLIST_FILE = "Tyre in Depth/Info.plist";
				LD_RUNPATH_SEARCH_PATHS = (
					"$(inherited)",
					"@executable_path/Frameworks",
				);
				PRODUCT_BUNDLE_IDENTIFIER = "com.TTyres.Tyre-in-Depth";
				PRODUCT_NAME = "$(TARGET_NAME)";
				SWIFT_VERSION = 5.0;
				TARGETED_DEVICE_FAMILY = "1,2";
			};
			name = Release;
		};
		A1A97CC823CAAE5A00626E91 /* Debug */ = {
			isa = XCBuildConfiguration;
			buildSettings = {
				ALWAYS_EMBED_SWIFT_STANDARD_LIBRARIES = YES;
				BUNDLE_LOADER = "$(TEST_HOST)";
				CODE_SIGN_STYLE = Automatic;
				DEVELOPMENT_TEAM = S87F3YY968;
				INFOPLIST_FILE = "Tyre in DepthTests/Info.plist";
				IPHONEOS_DEPLOYMENT_TARGET = 13.2;
				LD_RUNPATH_SEARCH_PATHS = (
					"$(inherited)",
					"@executable_path/Frameworks",
					"@loader_path/Frameworks",
				);
				PRODUCT_BUNDLE_IDENTIFIER = "com.TTyres.Tyre-in-DepthTests";
				PRODUCT_NAME = "$(TARGET_NAME)";
				SWIFT_VERSION = 5.0;
				TARGETED_DEVICE_FAMILY = "1,2";
				TEST_HOST = "$(BUILT_PRODUCTS_DIR)/Tyre in Depth.app/Tyre in Depth";
			};
			name = Debug;
		};
		A1A97CC923CAAE5A00626E91 /* Release */ = {
			isa = XCBuildConfiguration;
			buildSettings = {
				ALWAYS_EMBED_SWIFT_STANDARD_LIBRARIES = YES;
				BUNDLE_LOADER = "$(TEST_HOST)";
				CODE_SIGN_STYLE = Automatic;
				DEVELOPMENT_TEAM = S87F3YY968;
				INFOPLIST_FILE = "Tyre in DepthTests/Info.plist";
				IPHONEOS_DEPLOYMENT_TARGET = 13.2;
				LD_RUNPATH_SEARCH_PATHS = (
					"$(inherited)",
					"@executable_path/Frameworks",
					"@loader_path/Frameworks",
				);
				PRODUCT_BUNDLE_IDENTIFIER = "com.TTyres.Tyre-in-DepthTests";
				PRODUCT_NAME = "$(TARGET_NAME)";
				SWIFT_VERSION = 5.0;
				TARGETED_DEVICE_FAMILY = "1,2";
				TEST_HOST = "$(BUILT_PRODUCTS_DIR)/Tyre in Depth.app/Tyre in Depth";
			};
			name = Release;
		};
		A1A97CCB23CAAE5A00626E91 /* Debug */ = {
			isa = XCBuildConfiguration;
			buildSettings = {
				ALWAYS_EMBED_SWIFT_STANDARD_LIBRARIES = YES;
				CODE_SIGN_STYLE = Automatic;
				DEVELOPMENT_TEAM = S87F3YY968;
				INFOPLIST_FILE = "Tyre in DepthUITests/Info.plist";
				LD_RUNPATH_SEARCH_PATHS = (
					"$(inherited)",
					"@executable_path/Frameworks",
					"@loader_path/Frameworks",
				);
				PRODUCT_BUNDLE_IDENTIFIER = "com.TTyres.Tyre-in-DepthUITests";
				PRODUCT_NAME = "$(TARGET_NAME)";
				SWIFT_VERSION = 5.0;
				TARGETED_DEVICE_FAMILY = "1,2";
				TEST_TARGET_NAME = "Tyre in Depth";
			};
			name = Debug;
		};
		A1A97CCC23CAAE5A00626E91 /* Release */ = {
			isa = XCBuildConfiguration;
			buildSettings = {
				ALWAYS_EMBED_SWIFT_STANDARD_LIBRARIES = YES;
				CODE_SIGN_STYLE = Automatic;
				DEVELOPMENT_TEAM = S87F3YY968;
				INFOPLIST_FILE = "Tyre in DepthUITests/Info.plist";
				LD_RUNPATH_SEARCH_PATHS = (
					"$(inherited)",
					"@executable_path/Frameworks",
					"@loader_path/Frameworks",
				);
				PRODUCT_BUNDLE_IDENTIFIER = "com.TTyres.Tyre-in-DepthUITests";
				PRODUCT_NAME = "$(TARGET_NAME)";
				SWIFT_VERSION = 5.0;
				TARGETED_DEVICE_FAMILY = "1,2";
				TEST_TARGET_NAME = "Tyre in Depth";
			};
			name = Release;
		};
/* End XCBuildConfiguration section */

/* Begin XCConfigurationList section */
		A1A97C9223CAAE5800626E91 /* Build configuration list for PBXProject "Tyre in Depth" */ = {
			isa = XCConfigurationList;
			buildConfigurations = (
				A1A97CC223CAAE5A00626E91 /* Debug */,
				A1A97CC323CAAE5A00626E91 /* Release */,
			);
			defaultConfigurationIsVisible = 0;
			defaultConfigurationName = Release;
		};
		A1A97CC423CAAE5A00626E91 /* Build configuration list for PBXNativeTarget "Tyre in Depth" */ = {
			isa = XCConfigurationList;
			buildConfigurations = (
				A1A97CC523CAAE5A00626E91 /* Debug */,
				A1A97CC623CAAE5A00626E91 /* Release */,
			);
			defaultConfigurationIsVisible = 0;
			defaultConfigurationName = Release;
		};
		A1A97CC723CAAE5A00626E91 /* Build configuration list for PBXNativeTarget "Tyre in DepthTests" */ = {
			isa = XCConfigurationList;
			buildConfigurations = (
				A1A97CC823CAAE5A00626E91 /* Debug */,
				A1A97CC923CAAE5A00626E91 /* Release */,
			);
			defaultConfigurationIsVisible = 0;
			defaultConfigurationName = Release;
		};
		A1A97CCA23CAAE5A00626E91 /* Build configuration list for PBXNativeTarget "Tyre in DepthUITests" */ = {
			isa = XCConfigurationList;
			buildConfigurations = (
				A1A97CCB23CAAE5A00626E91 /* Debug */,
				A1A97CCC23CAAE5A00626E91 /* Release */,
			);
			defaultConfigurationIsVisible = 0;
			defaultConfigurationName = Release;
		};
/* End XCConfigurationList section */

/* Begin XCVersionGroup section */
		A1A97CA323CAAE5800626E91 /* Tyre_in_Depth.xcdatamodeld */ = {
			isa = XCVersionGroup;
			children = (
				A1A97CA423CAAE5800626E91 /* Tyre_in_Depth.xcdatamodel */,
			);
			currentVersion = A1A97CA423CAAE5800626E91 /* Tyre_in_Depth.xcdatamodel */;
			path = Tyre_in_Depth.xcdatamodeld;
			sourceTree = "<group>";
			versionGroupType = wrapper.xcdatamodel;
		};
/* End XCVersionGroup section */
	};
	rootObject = A1A97C8F23CAAE5800626E91 /* Project object */;
}
